{
  "version": "5",
  "specifiers": {
    "npm:@electric-sql/pglite@0.3.14": "0.3.14"
  },
  "npm": {
    "@electric-sql/pglite@0.3.14": {
      "integrity": "sha512-3DB258dhqdsArOI1fIt7cb9RpUOgcDg5hXWVgVHAeqVQ/qxtFy605QKs4gx6mFq3jWsSPqDN8TgSEsqC3OfV9Q=="
    }
  },
  "workspace": {
    "dependencies": [
      "npm:@electric-sql/pglite@0.3.14"
    ]
  }
}
